
Microsoft Visual Studio Solution File, Format Version 12.00
# Visual Studio Version 17
VisualStudioVersion = 17.4.33110.190
MinimumVisualStudioVersion = 10.0.40219.1
Project("{9A19103F-16F7-4668-BE54-9A1E7A4F7556}") = "What5WordsCS", "What5WordsCS\What5WordsCS.csproj", "{1D90CB50-FECC-4F13-9156-F1DB21C63025}"
EndProject
Project("{FAE04EC0-301F-11D3-BF4B-00C04F79EFBC}") = "What5WordsTests", "What5WordsTests\What5WordsTests.csproj", "{A85A94E1-892E-4435-86FA-AB971CE90D48}"
EndProject
Global
	GlobalSection(SolutionConfigurationPlatforms) = preSolution
		Debug|Any CPU = Debug|Any CPU
		Release|Any CPU = Release|Any CPU
	EndGlobalSection
	GlobalSection(ProjectConfigurationPlatforms) = postSolution
		{1D90CB50-FECC-4F13-9156-F1DB21C63025}.Debug|Any CPU.ActiveCfg = Debug|Any CPU
		{1D90CB50-FECC-4F13-9156-F1DB21C63025}.Debug|Any CPU.Build.0 = Debug|Any CPU
		{1D90CB50-FECC-4F13-9156-F1DB21C63025}.Release|Any CPU.ActiveCfg = Release|Any CPU
		{1D90CB50-FECC-4F13-9156-F1DB21C63025}.Release|Any CPU.Build.0 = Release|Any CPU
		{A85A94E1-892E-4435-86FA-AB971CE90D48}.Debug|Any CPU.ActiveCfg = Debug|Any CPU
		{A85A94E1-892E-4435-86FA-AB971CE90D48}.Debug|Any CPU.Build.0 = Debug|Any CPU
		{A85A94E1-892E-4435-86FA-AB971CE90D48}.Release|Any CPU.ActiveCfg = Release|Any CPU
		{A85A94E1-892E-4435-86FA-AB971CE90D48}.Release|Any CPU.Build.0 = Release|Any CPU
	EndGlobalSection
	GlobalSection(SolutionProperties) = preSolution
		HideSolutionNode = FALSE
	EndGlobalSection
	GlobalSection(ExtensibilityGlobals) = postSolution
		SolutionGuid = {0838FECF-8F8E-467C-A14E-2088BBA7D023}
	EndGlobalSection
EndGlobal
